
Microsoft Visual Studio Solution File, Format Version 12.00
# Visual Studio Version 17
VisualStudioVersion = 17.2.32616.157
MinimumVisualStudioVersion = 10.0.40219.1
Project("{9A19103F-16F7-4668-BE54-9A1E7A4F7556}") = "GamingApi.WebApi", "src\WebApi\GamingApi.WebApi.csproj", "{76512D03-5309-4B27-9905-DF401CDC9571}"
EndProject
Project("{2150E333-8FDC-42A3-9474-1A3956D46DE8}") = "Games", "Games", "{83E9D91D-C614-40E2-BE30-A4905D4575B2}"
EndProject
Project("{9A19103F-16F7-4668-BE54-9A1E7A4F7556}") = "GamingApi.Games", "src\Games\GamingApi.Games\GamingApi.Games.csproj", "{28E8673B-00D3-45B6-9305-B56DFB2A0A2B}"
EndProject
Project("{9A19103F-16F7-4668-BE54-9A1E7A4F7556}") = "GamingApi.SharedKernel", "src\GamingApi.SharedKernel\GamingApi.SharedKernel.csproj", "{763BA6DB-09ED-4C6A-94BA-5A2631903F7D}"
EndProject
Project("{9A19103F-16F7-4668-BE54-9A1E7A4F7556}") = "GamingApi.Tests.SharedKernel", "src\GamingApi.Tests.SharedKernel\GamingApi.Tests.SharedKernel.csproj", "{DDB5D524-FCA0-4328-9E27-E1F62D89DE6F}"
EndProject
Project("{9A19103F-16F7-4668-BE54-9A1E7A4F7556}") = "GamingApi.Games.xUnit", "src\Games\GamingApi.Games.xUnit\GamingApi.Games.xUnit.csproj", "{2AEE2BD4-1FF4-4F74-A6B4-B1BAC4735BE2}"
EndProject
Project("{9A19103F-16F7-4668-BE54-9A1E7A4F7556}") = "GamingApi.WebApi.Specflow", "src\GamingApi.WebApi.Specflow\GamingApi.WebApi.Specflow.csproj", "{1CF94013-FC80-4303-A84B-31C3E66C23E8}"
EndProject
Project("{2150E333-8FDC-42A3-9474-1A3956D46DE8}") = "Kernel", "Kernel", "{F0CE4ABB-B993-4CFE-B764-C614BDD451AF}"
EndProject
Project("{FAE04EC0-301F-11D3-BF4B-00C04F79EFBC}") = "GamingApi.Consumer", "src\GamingApi.Consumer\GamingApi.Consumer.csproj", "{900B94C4-386C-4312-A06B-E3B8E9DADF9C}"
EndProject
Global
	GlobalSection(SolutionConfigurationPlatforms) = preSolution
		Debug|Any CPU = Debug|Any CPU
		Release|Any CPU = Release|Any CPU
	EndGlobalSection
	GlobalSection(ProjectConfigurationPlatforms) = postSolution
		{76512D03-5309-4B27-9905-DF401CDC9571}.Debug|Any CPU.ActiveCfg = Debug|Any CPU
		{76512D03-5309-4B27-9905-DF401CDC9571}.Debug|Any CPU.Build.0 = Debug|Any CPU
		{76512D03-5309-4B27-9905-DF401CDC9571}.Release|Any CPU.ActiveCfg = Release|Any CPU
		{76512D03-5309-4B27-9905-DF401CDC9571}.Release|Any CPU.Build.0 = Release|Any CPU
		{28E8673B-00D3-45B6-9305-B56DFB2A0A2B}.Debug|Any CPU.ActiveCfg = Debug|Any CPU
		{28E8673B-00D3-45B6-9305-B56DFB2A0A2B}.Debug|Any CPU.Build.0 = Debug|Any CPU
		{28E8673B-00D3-45B6-9305-B56DFB2A0A2B}.Release|Any CPU.ActiveCfg = Release|Any CPU
		{28E8673B-00D3-45B6-9305-B56DFB2A0A2B}.Release|Any CPU.Build.0 = Release|Any CPU
		{763BA6DB-09ED-4C6A-94BA-5A2631903F7D}.Debug|Any CPU.ActiveCfg = Debug|Any CPU
		{763BA6DB-09ED-4C6A-94BA-5A2631903F7D}.Debug|Any CPU.Build.0 = Debug|Any CPU
		{763BA6DB-09ED-4C6A-94BA-5A2631903F7D}.Release|Any CPU.ActiveCfg = Release|Any CPU
		{763BA6DB-09ED-4C6A-94BA-5A2631903F7D}.Release|Any CPU.Build.0 = Release|Any CPU
		{DDB5D524-FCA0-4328-9E27-E1F62D89DE6F}.Debug|Any CPU.ActiveCfg = Debug|Any CPU
		{DDB5D524-FCA0-4328-9E27-E1F62D89DE6F}.Debug|Any CPU.Build.0 = Debug|Any CPU
		{DDB5D524-FCA0-4328-9E27-E1F62D89DE6F}.Release|Any CPU.ActiveCfg = Release|Any CPU
		{DDB5D524-FCA0-4328-9E27-E1F62D89DE6F}.Release|Any CPU.Build.0 = Release|Any CPU
		{2AEE2BD4-1FF4-4F74-A6B4-B1BAC4735BE2}.Debug|Any CPU.ActiveCfg = Debug|Any CPU
		{2AEE2BD4-1FF4-4F74-A6B4-B1BAC4735BE2}.Debug|Any CPU.Build.0 = Debug|Any CPU
		{2AEE2BD4-1FF4-4F74-A6B4-B1BAC4735BE2}.Release|Any CPU.ActiveCfg = Release|Any CPU
		{2AEE2BD4-1FF4-4F74-A6B4-B1BAC4735BE2}.Release|Any CPU.Build.0 = Release|Any CPU
		{1CF94013-FC80-4303-A84B-31C3E66C23E8}.Debug|Any CPU.ActiveCfg = Debug|Any CPU
		{1CF94013-FC80-4303-A84B-31C3E66C23E8}.Debug|Any CPU.Build.0 = Debug|Any CPU
		{1CF94013-FC80-4303-A84B-31C3E66C23E8}.Release|Any CPU.ActiveCfg = Release|Any CPU
		{1CF94013-FC80-4303-A84B-31C3E66C23E8}.Release|Any CPU.Build.0 = Release|Any CPU
		{900B94C4-386C-4312-A06B-E3B8E9DADF9C}.Debug|Any CPU.ActiveCfg = Debug|Any CPU
		{900B94C4-386C-4312-A06B-E3B8E9DADF9C}.Debug|Any CPU.Build.0 = Debug|Any CPU
		{900B94C4-386C-4312-A06B-E3B8E9DADF9C}.Release|Any CPU.ActiveCfg = Release|Any CPU
		{900B94C4-386C-4312-A06B-E3B8E9DADF9C}.Release|Any CPU.Build.0 = Release|Any CPU
	EndGlobalSection
	GlobalSection(SolutionProperties) = preSolution
		HideSolutionNode = FALSE
	EndGlobalSection
	GlobalSection(NestedProjects) = preSolution
		{28E8673B-00D3-45B6-9305-B56DFB2A0A2B} = {83E9D91D-C614-40E2-BE30-A4905D4575B2}
		{763BA6DB-09ED-4C6A-94BA-5A2631903F7D} = {F0CE4ABB-B993-4CFE-B764-C614BDD451AF}
		{DDB5D524-FCA0-4328-9E27-E1F62D89DE6F} = {F0CE4ABB-B993-4CFE-B764-C614BDD451AF}
		{2AEE2BD4-1FF4-4F74-A6B4-B1BAC4735BE2} = {83E9D91D-C614-40E2-BE30-A4905D4575B2}
	EndGlobalSection
	GlobalSection(ExtensibilityGlobals) = postSolution
		SolutionGuid = {36807232-C9CF-4831-9C6D-66BF2C039466}
	EndGlobalSection
EndGlobal
